#MicroXplorer Configuration settings - do not modify
ADC.Channel-0\#ChannelRegularConversion=ADC_CHANNEL_0
ADC.ClockPrescaler=ADC_CLOCK_ASYNC_DIV1
ADC.IPParameters=Rank-0\#ChannelRegularConversion,Channel-0\#ChannelRegularConversion,SamplingTime-0\#ChannelRegularConversion,NbrOfConversionFlag,ClockPrescaler,LowPowerAutoPowerOff,LowPowerAutoWait
ADC.LowPowerAutoPowerOff=ADC_AUTOPOWEROFF_IDLE_PHASE
ADC.LowPowerAutoWait=ADC_AUTOWAIT_UNTIL_DATA_READ
ADC.NbrOfConversionFlag=1
ADC.Rank-0\#ChannelRegularConversion=1
ADC.SamplingTime-0\#ChannelRegularConversion=ADC_SAMPLETIME_4CYCLES
FREERTOS.FootprintOK=true
FREERTOS.INCLUDE_vTaskDelayUntil=1
FREERTOS.IPParameters=Tasks01,configUSE_PREEMPTION,configENABLE_BACKWARD_COMPATIBILITY,configUSE_TICKLESS_IDLE,MEMORY_ALLOCATION,FootprintOK,INCLUDE_vTaskDelayUntil,configMINIMAL_STACK_SIZE,Mutexes01
FREERTOS.MEMORY_ALLOCATION=1
FREERTOS.Mutexes01=DefaultMutex,Static,DefaultMutexControlBlock
FREERTOS.Tasks01=HeartbeatTask,-2,64,StartHeartbeatTask,Default,NULL,Static,HeartbeatTaskBuffer,HeartbeatTaskControlBlock
FREERTOS.configENABLE_BACKWARD_COMPATIBILITY=0
FREERTOS.configMINIMAL_STACK_SIZE=64
FREERTOS.configUSE_PREEMPTION=0
FREERTOS.configUSE_TICKLESS_IDLE=1
File.Version=6
KeepUserPlacement=false
Mcu.Family=STM32L1
Mcu.IP0=ADC
Mcu.IP1=FREERTOS
Mcu.IP2=I2C1
Mcu.IP3=NVIC
Mcu.IP4=RCC
Mcu.IP5=RTC
Mcu.IP6=SPI1
Mcu.IP7=SYS
Mcu.IP8=USART1
Mcu.IPNb=9
Mcu.Name=STM32L151C(6-8-B)Ux
Mcu.Package=UFQFPN48
Mcu.Pin0=PC13-WKUP2
Mcu.Pin1=PC14-OSC32_IN
Mcu.Pin10=PA7
Mcu.Pin11=PB0
Mcu.Pin12=PB1
Mcu.Pin13=PB10
Mcu.Pin14=PB11
Mcu.Pin15=PB12
Mcu.Pin16=PA9
Mcu.Pin17=PA10
Mcu.Pin18=PB3
Mcu.Pin19=PB8
Mcu.Pin2=PC15-OSC32_OUT
Mcu.Pin20=PB9
Mcu.Pin21=VP_FREERTOS_VS_ENABLE
Mcu.Pin22=VP_RTC_VS_RTC_Activate
Mcu.Pin23=VP_SYS_VS_tim6
Mcu.Pin3=PA0-WKUP1
Mcu.Pin4=PA1
Mcu.Pin5=PA2
Mcu.Pin6=PA3
Mcu.Pin7=PA4
Mcu.Pin8=PA5
Mcu.Pin9=PA6
Mcu.PinsNb=24
Mcu.ThirdPartyNb=0
Mcu.UserConstants=
Mcu.UserName=STM32L151C8Ux
MxCube.Version=4.26.0
MxDb.Version=DB.4.0.260
NVIC.BusFault_IRQn=true\:0\:0\:false\:false\:true\:false\:false
NVIC.DebugMonitor_IRQn=true\:0\:0\:false\:false\:true\:false\:false
NVIC.HardFault_IRQn=true\:0\:0\:false\:false\:true\:false\:false
NVIC.MemoryManagement_IRQn=true\:0\:0\:false\:false\:true\:false\:false
NVIC.NonMaskableInt_IRQn=true\:0\:0\:false\:false\:true\:false\:false
NVIC.PendSV_IRQn=true\:15\:0\:false\:false\:false\:true\:false
NVIC.PriorityGroup=NVIC_PRIORITYGROUP_4
NVIC.SVC_IRQn=true\:0\:0\:false\:false\:false\:false\:false
NVIC.SysTick_IRQn=true\:15\:0\:false\:false\:true\:true\:false
NVIC.TIM6_IRQn=true\:0\:0\:false\:false\:true\:false\:false
NVIC.TimeBase=TIM6_IRQn
NVIC.TimeBaseIP=TIM6
NVIC.UsageFault_IRQn=true\:0\:0\:false\:false\:true\:false\:false
PA0-WKUP1.GPIOParameters=GPIO_Label
PA0-WKUP1.GPIO_Label=AN0
PA0-WKUP1.Locked=true
PA0-WKUP1.Signal=SharedAnalog_PA0
PA1.GPIOParameters=GPIO_Label
PA1.GPIO_Label=AN1
PA1.Locked=true
PA1.Signal=SharedAnalog_PA1
PA10.GPIOParameters=GPIO_Label
PA10.GPIO_Label=DBG_RX
PA10.Locked=true
PA10.Mode=Asynchronous
PA10.Signal=USART1_RX
PA2.GPIOParameters=GPIO_Label
PA2.GPIO_Label=AN2
PA2.Locked=true
PA2.Signal=SharedAnalog_PA2
PA3.GPIOParameters=GPIO_Label
PA3.GPIO_Label=AN3
PA3.Locked=true
PA3.Signal=SharedAnalog_PA3
PA4.GPIOParameters=GPIO_Speed,PinState,GPIO_Label
PA4.GPIO_Label=SI4455_CS
PA4.GPIO_Speed=GPIO_SPEED_FREQ_HIGH
PA4.Locked=true
PA4.PinState=GPIO_PIN_SET
PA4.Signal=GPIO_Output
PA5.GPIOParameters=GPIO_Label
PA5.GPIO_Label=SI4455_SCLK
PA5.Locked=true
PA5.Mode=Full_Duplex_Master
PA5.Signal=SPI1_SCK
PA6.GPIOParameters=GPIO_Label
PA6.GPIO_Label=SI4455_SDO
PA6.Locked=true
PA6.Mode=Full_Duplex_Master
PA6.Signal=SPI1_MISO
PA7.GPIOParameters=GPIO_Label
PA7.GPIO_Label=SI4455_SDI
PA7.Locked=true
PA7.Mode=Full_Duplex_Master
PA7.Signal=SPI1_MOSI
PA9.GPIOParameters=GPIO_Label
PA9.GPIO_Label=DBG_TX
PA9.Locked=true
PA9.Mode=Asynchronous
PA9.Signal=USART1_TX
PB0.GPIOParameters=GPIO_Label
PB0.GPIO_Label=BOARD_ID0
PB0.Locked=true
PB0.Signal=GPIO_Input
PB1.GPIOParameters=GPIO_Label
PB1.GPIO_Label=BOARD_ID1
PB1.Locked=true
PB1.Signal=GPIO_Input
PB10.GPIOParameters=GPIO_Label
PB10.GPIO_Label=SI4455_SDN
PB10.Locked=true
PB10.Signal=GPIO_Output
PB11.GPIOParameters=PinState,GPIO_Label
PB11.GPIO_Label=VEN_RF
PB11.Locked=true
PB11.PinState=GPIO_PIN_SET
PB11.Signal=GPIO_Output
PB12.GPIOParameters=GPIO_Label
PB12.GPIO_Label=VEN_I2C
PB12.Locked=true
PB12.Signal=GPIO_Output
PB3.GPIOParameters=PinState,GPIO_Label
PB3.GPIO_Label=VEN_EXT
PB3.Locked=true
PB3.PinState=GPIO_PIN_SET
PB3.Signal=GPIO_Output
PB8.Locked=true
PB8.Mode=I2C
PB8.Signal=I2C1_SCL
PB9.Locked=true
PB9.Mode=I2C
PB9.Signal=I2C1_SDA
PC13-WKUP2.GPIOParameters=GPIO_Label
PC13-WKUP2.GPIO_Label=SI4455_IRQ
PC13-WKUP2.Locked=true
PC13-WKUP2.Signal=GPIO_Input
PC14-OSC32_IN.Locked=true
PC14-OSC32_IN.Mode=LSE-External-Oscillator
PC14-OSC32_IN.Signal=RCC_OSC32_IN
PC15-OSC32_OUT.Locked=true
PC15-OSC32_OUT.Mode=LSE-External-Oscillator
PC15-OSC32_OUT.Signal=RCC_OSC32_OUT
PCC.Checker=true
PCC.Line=STM32L151/152
PCC.MCU=STM32L151C(6-8-B)Ux
PCC.PartNumber=STM32L151C8Ux
PCC.Seq0=0
PCC.Series=STM32L1
PCC.Temperature=25
PCC.Vdd=3.6
PinOutPanel.RotationAngle=0
ProjectManager.AskForMigrate=true
ProjectManager.BackupPrevious=false
ProjectManager.CompilerOptimize=3
ProjectManager.ComputerToolchain=false
ProjectManager.CoupleFile=false
ProjectManager.CustomerFirmwarePackage=
ProjectManager.DefaultFWLocation=true
ProjectManager.DeletePrevious=true
ProjectManager.DeviceId=STM32L151C8Ux
ProjectManager.FirmwarePackage=STM32Cube FW_L1 V1.8.1
ProjectManager.FreePins=false
ProjectManager.HalAssertFull=false
ProjectManager.HeapSize=0x400
ProjectManager.KeepUserCode=true
ProjectManager.LastFirmware=true
ProjectManager.LibraryCopy=0
ProjectManager.MainLocation=Src
ProjectManager.PreviousToolchain=
ProjectManager.ProjectBuild=false
ProjectManager.ProjectFileName=carbonite.ioc
ProjectManager.ProjectName=carbonite
ProjectManager.StackSize=0x400
ProjectManager.TargetToolchain=Makefile
ProjectManager.ToolChainLocation=
ProjectManager.UnderRoot=false
ProjectManager.functionlistsort=1-MX_GPIO_Init-GPIO-false-HAL-true,2-SystemClock_Config-RCC-false-HAL-false,3-MX_ADC_Init-ADC-false-HAL-true,4-MX_SPI1_Init-SPI1-false-HAL-true,5-MX_USART1_UART_Init-USART1-false-HAL-true,6-MX_I2C1_Init-I2C1-false-HAL-true,7-MX_RTC_Init-RTC-false-HAL-true
RCC.48MHZClocksFreq_Value=48000000
RCC.AHBFreq_Value=32000000
RCC.APB1Freq_Value=32000000
RCC.APB1TimFreq_Value=32000000
RCC.APB2Freq_Value=32000000
RCC.APB2TimFreq_Value=32000000
RCC.FCLKCortexFreq_Value=32000000
RCC.FamilyName=M
RCC.HCLKFreq_Value=32000000
RCC.HSE_VALUE=24000000
RCC.HSI_VALUE=16000000
RCC.IPParameters=48MHZClocksFreq_Value,AHBFreq_Value,APB1Freq_Value,APB1TimFreq_Value,APB2Freq_Value,APB2TimFreq_Value,FCLKCortexFreq_Value,FamilyName,HCLKFreq_Value,HSE_VALUE,HSI_VALUE,LSI_VALUE,MCOPinFreq_Value,MSI_VALUE,PLLCLKFreq_Value,PLLDIV,PLLMUL,PREFETCH_ENABLE,PWRFreq_Value,RTCClockSelection,RTCFreq_Value,RTCHSEDivFreq_Value,SYSCLKFreq_VALUE,SYSCLKSource,TIMFreq_Value,TimerFreq_Value,VCOOutputFreq_Value
RCC.LSI_VALUE=37000
RCC.MCOPinFreq_Value=32000000
RCC.MSI_VALUE=2097000
RCC.PLLCLKFreq_Value=32000000
RCC.PLLDIV=RCC_PLL_DIV3
RCC.PLLMUL=RCC_PLL_MUL6
RCC.PREFETCH_ENABLE=1
RCC.PWRFreq_Value=32000000
RCC.RTCClockSelection=RCC_RTCCLKSOURCE_LSE
RCC.RTCFreq_Value=32768
RCC.RTCHSEDivFreq_Value=12000000
RCC.SYSCLKFreq_VALUE=32000000
RCC.SYSCLKSource=RCC_SYSCLKSOURCE_PLLCLK
RCC.TIMFreq_Value=32000000
RCC.TimerFreq_Value=32000000
RCC.VCOOutputFreq_Value=96000000
SH.SharedAnalog_PA0.0=GPIO_Analog
SH.SharedAnalog_PA0.1=ADC_IN0,IN0
SH.SharedAnalog_PA0.ConfNb=2
SH.SharedAnalog_PA1.0=GPIO_Analog
SH.SharedAnalog_PA1.1=ADC_IN1,IN1
SH.SharedAnalog_PA1.ConfNb=2
SH.SharedAnalog_PA2.0=GPIO_Analog
SH.SharedAnalog_PA2.1=ADC_IN2,IN2
SH.SharedAnalog_PA2.ConfNb=2
SH.SharedAnalog_PA3.0=GPIO_Analog
SH.SharedAnalog_PA3.1=ADC_IN3,IN3
SH.SharedAnalog_PA3.ConfNb=2
SPI1.BaudRatePrescaler=SPI_BAUDRATEPRESCALER_32
SPI1.CalculateBaudRate=1000.0 KBits/s
SPI1.Direction=SPI_DIRECTION_2LINES
SPI1.IPParameters=VirtualType,Mode,Direction,CalculateBaudRate,BaudRatePrescaler
SPI1.Mode=SPI_MODE_MASTER
SPI1.VirtualType=VM_MASTER
USART1.IPParameters=VirtualMode
USART1.VirtualMode=VM_ASYNC
VP_FREERTOS_VS_ENABLE.Mode=Enabled
VP_FREERTOS_VS_ENABLE.Signal=FREERTOS_VS_ENABLE
VP_RTC_VS_RTC_Activate.Mode=RTC_Enabled
VP_RTC_VS_RTC_Activate.Signal=RTC_VS_RTC_Activate
VP_SYS_VS_tim6.Mode=TIM6
VP_SYS_VS_tim6.Signal=SYS_VS_tim6
board=custom
